
Microsoft Visual Studio Solution File, Format Version 12.00
# Visual Studio Version 16
VisualStudioVersion = 16.0.30104.148
MinimumVisualStudioVersion = 10.0.40219.1
Project("{8BC9CEB8-8B4A-11D0-8D11-00A0C91BC942}") = "Dynamic Polymorphism", "Dynamic Polymorphism.vcxproj", "{BC275576-F9C8-49CD-B71C-EF999ACFCF29}"
EndProject
Global
	GlobalSection(SolutionConfigurationPlatforms) = preSolution
		Debug|x64 = Debug|x64
		Debug|x86 = Debug|x86
		Release|x64 = Release|x64
		Release|x86 = Release|x86
	EndGlobalSection
	GlobalSection(ProjectConfigurationPlatforms) = postSolution
		{BC275576-F9C8-49CD-B71C-EF999ACFCF29}.Debug|x64.ActiveCfg = Debug|x64
		{BC275576-F9C8-49CD-B71C-EF999ACFCF29}.Debug|x64.Build.0 = Debug|x64
		{BC275576-F9C8-49CD-B71C-EF999ACFCF29}.Debug|x86.ActiveCfg = Debug|Win32
		{BC275576-F9C8-49CD-B71C-EF999ACFCF29}.Debug|x86.Build.0 = Debug|Win32
		{BC275576-F9C8-49CD-B71C-EF999ACFCF29}.Release|x64.ActiveCfg = Release|x64
		{BC275576-F9C8-49CD-B71C-EF999ACFCF29}.Release|x64.Build.0 = Release|x64
		{BC275576-F9C8-49CD-B71C-EF999ACFCF29}.Release|x86.ActiveCfg = Release|Win32
		{BC275576-F9C8-49CD-B71C-EF999ACFCF29}.Release|x86.Build.0 = Release|Win32
	EndGlobalSection
	GlobalSection(SolutionProperties) = preSolution
		HideSolutionNode = FALSE
	EndGlobalSection
	GlobalSection(ExtensibilityGlobals) = postSolution
		SolutionGuid = {C2939387-8FCB-4950-86CE-7D26834DB07C}
	EndGlobalSection
EndGlobal
